
Microsoft Visual Studio Solution File, Format Version 12.00
# Visual Studio Version 16
VisualStudioVersion = 16.0.33529.622
MinimumVisualStudioVersion = 10.0.40219.1
Project("{FAE04EC0-301F-11D3-BF4B-00C04F79EFBC}") = "Flexstudio for OBS", "Flexstudio for OBS\Flexstudio for OBS.csproj", "{09D1A16D-1D22-470E-8F0E-0D6A20D2DB7A}"
EndProject
Global
	GlobalSection(SolutionConfigurationPlatforms) = preSolution
		Debug|Any CPU = Debug|Any CPU
		Release|Any CPU = Release|Any CPU
	EndGlobalSection
	GlobalSection(ProjectConfigurationPlatforms) = postSolution
		{09D1A16D-1D22-470E-8F0E-0D6A20D2DB7A}.Debug|Any CPU.ActiveCfg = Debug|Any CPU
		{09D1A16D-1D22-470E-8F0E-0D6A20D2DB7A}.Debug|Any CPU.Build.0 = Debug|Any CPU
		{09D1A16D-1D22-470E-8F0E-0D6A20D2DB7A}.Release|Any CPU.ActiveCfg = Release|Any CPU
		{09D1A16D-1D22-470E-8F0E-0D6A20D2DB7A}.Release|Any CPU.Build.0 = Release|Any CPU
	EndGlobalSection
	GlobalSection(SolutionProperties) = preSolution
		HideSolutionNode = FALSE
	EndGlobalSection
	GlobalSection(ExtensibilityGlobals) = postSolution
		SolutionGuid = {152BB09F-5ABA-4073-8186-E6E61A1E0A9B}
	EndGlobalSection
EndGlobal
